
Microsoft Visual Studio Solution File, Format Version 12.00
# Visual Studio 15
VisualStudioVersion = 15.0.27130.2036
MinimumVisualStudioVersion = 10.0.40219.1
Project("{FAE04EC0-301F-11D3-BF4B-00C04F79EFBC}") = "MB_Decompiler", "MB_Decompiler\MB_Decompiler.csproj", "{6E4A3036-1E9C-4539-B64F-1814A82DBD62}"
	ProjectSection(ProjectDependencies) = postProject
		{DCFF1576-1736-4BFD-9A3E-901246B7E8C9} = {DCFF1576-1736-4BFD-9A3E-901246B7E8C9}
	EndProjectSection
EndProject
Project("{FAE04EC0-301F-11D3-BF4B-00C04F79EFBC}") = "MB_Decompiler_Library", "MB_Decompiler_Library\MB_Decompiler_Library.csproj", "{FC643914-80E5-42FF-806B-C23E37DD9EC5}"
	ProjectSection(ProjectDependencies) = postProject
		{DCFF1576-1736-4BFD-9A3E-901246B7E8C9} = {DCFF1576-1736-4BFD-9A3E-901246B7E8C9}
	EndProjectSection
EndProject
Project("{FAE04EC0-301F-11D3-BF4B-00C04F79EFBC}") = "MB_Decompiler_GUI", "MB_Decompiler_GUI\MB_Decompiler_GUI.csproj", "{444019B9-229D-4FE1-B079-AABBCF8ECA01}"
EndProject
Project("{FAE04EC0-301F-11D3-BF4B-00C04F79EFBC}") = "MB Studio", "MB Studio\MB Studio.csproj", "{7222FE26-50DD-4B50-9E7A-DB473B077081}"
	ProjectSection(ProjectDependencies) = postProject
		{7F48F8D5-100D-3065-9AB1-476973B61E07} = {7F48F8D5-100D-3065-9AB1-476973B61E07}
	EndProjectSection
EndProject
Project("{F184B08F-C81C-45F6-A57F-5ABD9991F28F}") = "skillhunter", "skillhunter\skillhunter\skillhunter.vbproj", "{FA4558D0-9F6F-456B-888F-D9DED33DFB90}"
EndProject
Project("{FAE04EC0-301F-11D3-BF4B-00C04F79EFBC}") = "Warband - Translator", "Warband - Translator\Warband - Translator\Warband - Translator.csproj", "{114F6AE7-9935-4D6A-8E17-49A48BA1C036}"
EndProject
Project("{FAE04EC0-301F-11D3-BF4B-00C04F79EFBC}") = "importantLib", "importantLib\importantLib\importantLib.csproj", "{DCFF1576-1736-4BFD-9A3E-901246B7E8C9}"
EndProject
Project("{FAE04EC0-301F-11D3-BF4B-00C04F79EFBC}") = "brfManager", "brfManager\brfManager.csproj", "{D941DD6A-1DAA-42E8-ACED-1BB2681EDBD3}"
EndProject
Project("{8BC9CEB8-8B4A-11D0-8D11-00A0C91BC942}") = "openBrf", "openBrf\openBrf.vcxproj", "{7F48F8D5-100D-3065-9AB1-476973B61E07}"
EndProject
Global
	GlobalSection(SolutionConfigurationPlatforms) = preSolution
		Debug|x64 = Debug|x64
		Debug|x86 = Debug|x86
		Release|x64 = Release|x64
		Release|x86 = Release|x86
	EndGlobalSection
	GlobalSection(ProjectConfigurationPlatforms) = postSolution
		{6E4A3036-1E9C-4539-B64F-1814A82DBD62}.Debug|x64.ActiveCfg = Debug|x64
		{6E4A3036-1E9C-4539-B64F-1814A82DBD62}.Debug|x64.Build.0 = Debug|x64
		{6E4A3036-1E9C-4539-B64F-1814A82DBD62}.Debug|x86.ActiveCfg = Debug|x86
		{6E4A3036-1E9C-4539-B64F-1814A82DBD62}.Debug|x86.Build.0 = Debug|x86
		{6E4A3036-1E9C-4539-B64F-1814A82DBD62}.Release|x64.ActiveCfg = Release|x64
		{6E4A3036-1E9C-4539-B64F-1814A82DBD62}.Release|x64.Build.0 = Release|x64
		{6E4A3036-1E9C-4539-B64F-1814A82DBD62}.Release|x86.ActiveCfg = Release|x86
		{6E4A3036-1E9C-4539-B64F-1814A82DBD62}.Release|x86.Build.0 = Release|x86
		{FC643914-80E5-42FF-806B-C23E37DD9EC5}.Debug|x64.ActiveCfg = Debug|x64
		{FC643914-80E5-42FF-806B-C23E37DD9EC5}.Debug|x64.Build.0 = Debug|x64
		{FC643914-80E5-42FF-806B-C23E37DD9EC5}.Debug|x86.ActiveCfg = Debug|x86
		{FC643914-80E5-42FF-806B-C23E37DD9EC5}.Debug|x86.Build.0 = Debug|x86
		{FC643914-80E5-42FF-806B-C23E37DD9EC5}.Release|x64.ActiveCfg = Release|x64
		{FC643914-80E5-42FF-806B-C23E37DD9EC5}.Release|x64.Build.0 = Release|x64
		{FC643914-80E5-42FF-806B-C23E37DD9EC5}.Release|x86.ActiveCfg = Release|x86
		{FC643914-80E5-42FF-806B-C23E37DD9EC5}.Release|x86.Build.0 = Release|x86
		{444019B9-229D-4FE1-B079-AABBCF8ECA01}.Debug|x64.ActiveCfg = Debug|x64
		{444019B9-229D-4FE1-B079-AABBCF8ECA01}.Debug|x64.Build.0 = Debug|x64
		{444019B9-229D-4FE1-B079-AABBCF8ECA01}.Debug|x86.ActiveCfg = Debug|x86
		{444019B9-229D-4FE1-B079-AABBCF8ECA01}.Debug|x86.Build.0 = Debug|x86
		{444019B9-229D-4FE1-B079-AABBCF8ECA01}.Release|x64.ActiveCfg = Release|x64
		{444019B9-229D-4FE1-B079-AABBCF8ECA01}.Release|x64.Build.0 = Release|x64
		{444019B9-229D-4FE1-B079-AABBCF8ECA01}.Release|x86.ActiveCfg = Release|x86
		{444019B9-229D-4FE1-B079-AABBCF8ECA01}.Release|x86.Build.0 = Release|x86
		{7222FE26-50DD-4B50-9E7A-DB473B077081}.Debug|x64.ActiveCfg = Debug|x64
		{7222FE26-50DD-4B50-9E7A-DB473B077081}.Debug|x64.Build.0 = Debug|x64
		{7222FE26-50DD-4B50-9E7A-DB473B077081}.Debug|x86.ActiveCfg = Debug|x86
		{7222FE26-50DD-4B50-9E7A-DB473B077081}.Debug|x86.Build.0 = Debug|x86
		{7222FE26-50DD-4B50-9E7A-DB473B077081}.Release|x64.ActiveCfg = Release|x64
		{7222FE26-50DD-4B50-9E7A-DB473B077081}.Release|x64.Build.0 = Release|x64
		{7222FE26-50DD-4B50-9E7A-DB473B077081}.Release|x86.ActiveCfg = Release|x86
		{7222FE26-50DD-4B50-9E7A-DB473B077081}.Release|x86.Build.0 = Release|x86
		{FA4558D0-9F6F-456B-888F-D9DED33DFB90}.Debug|x64.ActiveCfg = Debug|x64
		{FA4558D0-9F6F-456B-888F-D9DED33DFB90}.Debug|x64.Build.0 = Debug|x64
		{FA4558D0-9F6F-456B-888F-D9DED33DFB90}.Debug|x86.ActiveCfg = Debug|x86
		{FA4558D0-9F6F-456B-888F-D9DED33DFB90}.Debug|x86.Build.0 = Debug|x86
		{FA4558D0-9F6F-456B-888F-D9DED33DFB90}.Release|x64.ActiveCfg = Release|x64
		{FA4558D0-9F6F-456B-888F-D9DED33DFB90}.Release|x64.Build.0 = Release|x64
		{FA4558D0-9F6F-456B-888F-D9DED33DFB90}.Release|x86.ActiveCfg = Release|x86
		{FA4558D0-9F6F-456B-888F-D9DED33DFB90}.Release|x86.Build.0 = Release|x86
		{114F6AE7-9935-4D6A-8E17-49A48BA1C036}.Debug|x64.ActiveCfg = Debug|x64
		{114F6AE7-9935-4D6A-8E17-49A48BA1C036}.Debug|x64.Build.0 = Debug|x64
		{114F6AE7-9935-4D6A-8E17-49A48BA1C036}.Debug|x86.ActiveCfg = Debug|x86
		{114F6AE7-9935-4D6A-8E17-49A48BA1C036}.Debug|x86.Build.0 = Debug|x86
		{114F6AE7-9935-4D6A-8E17-49A48BA1C036}.Release|x64.ActiveCfg = Release|x64
		{114F6AE7-9935-4D6A-8E17-49A48BA1C036}.Release|x64.Build.0 = Release|x64
		{114F6AE7-9935-4D6A-8E17-49A48BA1C036}.Release|x86.ActiveCfg = Release|x86
		{114F6AE7-9935-4D6A-8E17-49A48BA1C036}.Release|x86.Build.0 = Release|x86
		{DCFF1576-1736-4BFD-9A3E-901246B7E8C9}.Debug|x64.ActiveCfg = Debug|x64
		{DCFF1576-1736-4BFD-9A3E-901246B7E8C9}.Debug|x64.Build.0 = Debug|x64
		{DCFF1576-1736-4BFD-9A3E-901246B7E8C9}.Debug|x86.ActiveCfg = Debug|x86
		{DCFF1576-1736-4BFD-9A3E-901246B7E8C9}.Debug|x86.Build.0 = Debug|x86
		{DCFF1576-1736-4BFD-9A3E-901246B7E8C9}.Release|x64.ActiveCfg = Release|x64
		{DCFF1576-1736-4BFD-9A3E-901246B7E8C9}.Release|x64.Build.0 = Release|x64
		{DCFF1576-1736-4BFD-9A3E-901246B7E8C9}.Release|x86.ActiveCfg = Release|x86
		{DCFF1576-1736-4BFD-9A3E-901246B7E8C9}.Release|x86.Build.0 = Release|x86
		{D941DD6A-1DAA-42E8-ACED-1BB2681EDBD3}.Debug|x64.ActiveCfg = Debug|x64
		{D941DD6A-1DAA-42E8-ACED-1BB2681EDBD3}.Debug|x64.Build.0 = Debug|x64
		{D941DD6A-1DAA-42E8-ACED-1BB2681EDBD3}.Debug|x86.ActiveCfg = Debug|x86
		{D941DD6A-1DAA-42E8-ACED-1BB2681EDBD3}.Debug|x86.Build.0 = Debug|x86
		{D941DD6A-1DAA-42E8-ACED-1BB2681EDBD3}.Release|x64.ActiveCfg = Release|x64
		{D941DD6A-1DAA-42E8-ACED-1BB2681EDBD3}.Release|x64.Build.0 = Release|x64
		{D941DD6A-1DAA-42E8-ACED-1BB2681EDBD3}.Release|x86.ActiveCfg = Release|x86
		{D941DD6A-1DAA-42E8-ACED-1BB2681EDBD3}.Release|x86.Build.0 = Release|x86
		{7F48F8D5-100D-3065-9AB1-476973B61E07}.Debug|x64.ActiveCfg = Debug|x64
		{7F48F8D5-100D-3065-9AB1-476973B61E07}.Debug|x64.Build.0 = Debug|x64
		{7F48F8D5-100D-3065-9AB1-476973B61E07}.Debug|x86.ActiveCfg = Debug|Win32
		{7F48F8D5-100D-3065-9AB1-476973B61E07}.Debug|x86.Build.0 = Debug|Win32
		{7F48F8D5-100D-3065-9AB1-476973B61E07}.Release|x64.ActiveCfg = Release|x64
		{7F48F8D5-100D-3065-9AB1-476973B61E07}.Release|x64.Build.0 = Release|x64
		{7F48F8D5-100D-3065-9AB1-476973B61E07}.Release|x86.ActiveCfg = Release|Win32
		{7F48F8D5-100D-3065-9AB1-476973B61E07}.Release|x86.Build.0 = Release|Win32
	EndGlobalSection
	GlobalSection(SolutionProperties) = preSolution
		HideSolutionNode = FALSE
	EndGlobalSection
	GlobalSection(ExtensibilityGlobals) = postSolution
		SolutionGuid = {E94FC749-CC44-4761-80A2-0571D4E93D2C}
	EndGlobalSection
EndGlobal
