<?xml version="1.0" encoding="utf-8"?>
<Project ToolsVersion="4.0" xmlns="http://schemas.microsoft.com/developer/msbuild/2003">
  <ItemGroup>
    <Filter Include="Form Files">
      <UniqueIdentifier>{99349809-55BA-4b9d-BF79-8FDBB0286EB3}</UniqueIdentifier>
      <Extensions>ui</Extensions>
      <ParseFiles>false</ParseFiles>
    </Filter>
    <Filter Include="Generated Files">
      <UniqueIdentifier>{71ED8ED8-ACB9-4CE9-BBE1-E00B30144E11}</UniqueIdentifier>
      <Extensions>cpp;c;cxx;moc;h;def;odl;idl;res;</Extensions>
    </Filter>
    <Filter Include="Header Files">
      <UniqueIdentifier>{93995380-89BD-4b04-88EB-625FBE52EBFB}</UniqueIdentifier>
      <Extensions>h;hpp;hxx;hm;inl;inc;xsd</Extensions>
    </Filter>
    <Filter Include="Resource Files">
      <UniqueIdentifier>{D9D6E242-F8AF-46E4-B9FD-80ECBC20BA3E}</UniqueIdentifier>
      <Extensions>qrc;*</Extensions>
      <ParseFiles>false</ParseFiles>
    </Filter>
    <Filter Include="Source Files">
      <UniqueIdentifier>{4FC737F1-C7A5-4376-A066-2A32D752A2FF}</UniqueIdentifier>
      <Extensions>cpp;c;cxx;def;odl;idl;hpj;bat;asm;asmx</Extensions>
    </Filter>
    <Filter Include="Translation Files">
      <UniqueIdentifier>{639EADAA-A684-42e4-A9AD-28FC9BCB8F7C}</UniqueIdentifier>
      <Extensions>ts;xlf</Extensions>
      <ParseFiles>false</ParseFiles>
    </Filter>
    <Filter Include="Distribution Files">
      <UniqueIdentifier>{B83CAF91-C7BF-462F-B76C-EA11631F866C}</UniqueIdentifier>
      <Extensions>*</Extensions>
      <ParseFiles>false</ParseFiles>
    </Filter>
  </ItemGroup>
  <ItemGroup>
    <ClCompile Include="askBoneDialog.cpp">
      <Filter>Source Files</Filter>
    </ClCompile>
    <ClCompile Include="askColorDialog.cpp">
      <Filter>Source Files</Filter>
    </ClCompile>
    <ClCompile Include="askCreaseDialog.cpp">
      <Filter>Source Files</Filter>
    </ClCompile>
    <ClCompile Include="askFlagsDialog.cpp">
      <Filter>Source Files</Filter>
    </ClCompile>
    <ClCompile Include="askHueSatBriDialog.cpp">
      <Filter>Source Files</Filter>
    </ClCompile>
    <ClCompile Include="askIntervalDialog.cpp">
      <Filter>Source Files</Filter>
    </ClCompile>
    <ClCompile Include="askLodOptionsDialog.cpp">
      <Filter>Source Files</Filter>
    </ClCompile>
    <ClCompile Include="askModErrorDialog.cpp">
      <Filter>Source Files</Filter>
    </ClCompile>
    <ClCompile Include="askNewUiPictureDialog.cpp">
      <Filter>Source Files</Filter>
    </ClCompile>
    <ClCompile Include="askSelectBrfDialog.cpp">
      <Filter>Source Files</Filter>
    </ClCompile>
    <ClCompile Include="askSkelDialog.cpp">
      <Filter>Source Files</Filter>
    </ClCompile>
    <ClCompile Include="askSkelPairDialog.cpp">
      <Filter>Source Files</Filter>
    </ClCompile>
    <ClCompile Include="askTexturenameDialog.cpp">
      <Filter>Source Files</Filter>
    </ClCompile>
    <ClCompile Include="askTransformDialog.cpp">
      <Filter>Source Files</Filter>
    </ClCompile>
    <ClCompile Include="askUnrefTextureDialog.cpp">
      <Filter>Source Files</Filter>
    </ClCompile>
    <ClCompile Include="askUvTransformDialog.cpp">
      <Filter>Source Files</Filter>
    </ClCompile>
    <ClCompile Include="brfAnimation.cpp">
      <Filter>Source Files</Filter>
    </ClCompile>
    <ClCompile Include="brfBody.cpp">
      <Filter>Source Files</Filter>
    </ClCompile>
    <ClCompile Include="brfData.cpp">
      <Filter>Source Files</Filter>
    </ClCompile>
    <ClCompile Include="brfHitBox.cpp">
      <Filter>Source Files</Filter>
    </ClCompile>
    <ClCompile Include="brfMaterial.cpp">
      <Filter>Source Files</Filter>
    </ClCompile>
    <ClCompile Include="brfMesh.cpp">
      <Filter>Source Files</Filter>
    </ClCompile>
    <ClCompile Include="brfShader.cpp">
      <Filter>Source Files</Filter>
    </ClCompile>
    <ClCompile Include="brfSkeleton.cpp">
      <Filter>Source Files</Filter>
    </ClCompile>
    <ClCompile Include="brfTexture.cpp">
      <Filter>Source Files</Filter>
    </ClCompile>
    <ClCompile Include="glwidgets.cpp">
      <Filter>Source Files</Filter>
    </ClCompile>
    <ClCompile Include="guipanel.cpp">
      <Filter>Source Files</Filter>
    </ClCompile>
    <ClCompile Include="iniData.cpp">
      <Filter>Source Files</Filter>
    </ClCompile>
    <ClCompile Include="ioMB.cpp">
      <Filter>Source Files</Filter>
    </ClCompile>
    <ClCompile Include="ioMD3.cpp">
      <Filter>Source Files</Filter>
    </ClCompile>
    <ClCompile Include="ioOBJ.cpp">
      <Filter>Source Files</Filter>
    </ClCompile>
    <ClCompile Include="ioSMD.cpp">
      <Filter>Source Files</Filter>
    </ClCompile>
    <ClCompile Include="main.cpp">
      <Filter>Source Files</Filter>
    </ClCompile>
    <ClCompile Include="main_ImpExp.cpp">
      <Filter>Source Files</Filter>
    </ClCompile>
    <ClCompile Include="main_create.cpp">
      <Filter>Source Files</Filter>
    </ClCompile>
    <ClCompile Include="main_info.cpp">
      <Filter>Source Files</Filter>
    </ClCompile>
    <ClCompile Include="mainwindow.cpp">
      <Filter>Source Files</Filter>
    </ClCompile>
    <ClCompile Include="myselectionmodel.cpp">
      <Filter>Source Files</Filter>
    </ClCompile>
    <ClCompile Include="projects\vcglib\wrap\ply\plylib.cpp">
      <Filter>Source Files</Filter>
    </ClCompile>
    <ClCompile Include="saveLoad.cpp">
      <Filter>Source Files</Filter>
    </ClCompile>
    <ClCompile Include="selector.cpp">
      <Filter>Source Files</Filter>
    </ClCompile>
    <ClCompile Include="tablemodel.cpp">
      <Filter>Source Files</Filter>
    </ClCompile>
    <ClCompile Include="vcgmesh.cpp">
      <Filter>Source Files</Filter>
    </ClCompile>
    <ClCompile Include="projects\vcglib\wrap\dae\xmldocumentmanaging.cpp">
      <Filter>Source Files</Filter>
    </ClCompile>
  </ItemGroup>
  <ItemGroup>
    <CustomBuild Include="askBoneDialog.h">
      <Filter>Header Files</Filter>
    </CustomBuild>
    <CustomBuild Include="askColorDialog.h">
      <Filter>Header Files</Filter>
    </CustomBuild>
    <CustomBuild Include="askCreaseDialog.h">
      <Filter>Header Files</Filter>
    </CustomBuild>
    <CustomBuild Include="askFlagsDialog.h">
      <Filter>Header Files</Filter>
    </CustomBuild>
    <CustomBuild Include="askHueSatBriDialog.h">
      <Filter>Header Files</Filter>
    </CustomBuild>
    <CustomBuild Include="askIntervalDialog.h">
      <Filter>Header Files</Filter>
    </CustomBuild>
    <CustomBuild Include="askLodOptionsDialog.h">
      <Filter>Header Files</Filter>
    </CustomBuild>
    <CustomBuild Include="askModErrorDialog.h">
      <Filter>Header Files</Filter>
    </CustomBuild>
    <CustomBuild Include="askNewUiPictureDialog.h">
      <Filter>Header Files</Filter>
    </CustomBuild>
    <CustomBuild Include="askSelectBrfDialog.h">
      <Filter>Header Files</Filter>
    </CustomBuild>
    <CustomBuild Include="askSkelDialog.h">
      <Filter>Header Files</Filter>
    </CustomBuild>
    <CustomBuild Include="askSkelPairDialog.h">
      <Filter>Header Files</Filter>
    </CustomBuild>
    <CustomBuild Include="askTexturenameDialog.h">
      <Filter>Header Files</Filter>
    </CustomBuild>
    <CustomBuild Include="askTransformDialog.h">
      <Filter>Header Files</Filter>
    </CustomBuild>
    <CustomBuild Include="askUnrefTextureDialog.h">
      <Filter>Header Files</Filter>
    </CustomBuild>
    <CustomBuild Include="askUvTransformDialog.h">
      <Filter>Header Files</Filter>
    </CustomBuild>
    <ClInclude Include="bindTexturePatch.h">
      <Filter>Header Files</Filter>
    </ClInclude>
    <ClInclude Include="brfAnimation.h">
      <Filter>Header Files</Filter>
    </ClInclude>
    <ClInclude Include="brfBody.h">
      <Filter>Header Files</Filter>
    </ClInclude>
    <ClInclude Include="brfData.h">
      <Filter>Header Files</Filter>
    </ClInclude>
    <ClInclude Include="brfMaterial.h">
      <Filter>Header Files</Filter>
    </ClInclude>
    <ClInclude Include="brfMesh.h">
      <Filter>Header Files</Filter>
    </ClInclude>
    <ClInclude Include="brfShader.h">
      <Filter>Header Files</Filter>
    </ClInclude>
    <ClInclude Include="brfSkeleton.h">
      <Filter>Header Files</Filter>
    </ClInclude>
    <ClInclude Include="brfTexture.h">
      <Filter>Header Files</Filter>
    </ClInclude>
    <ClInclude Include="brfToken.h">
      <Filter>Header Files</Filter>
    </ClInclude>
    <ClInclude Include="carryPosition.h">
      <Filter>Header Files</Filter>
    </ClInclude>
    <ClInclude Include="ddsData.h">
      <Filter>Header Files</Filter>
    </ClInclude>
    <CustomBuild Include="glwidgets.h">
      <Filter>Header Files</Filter>
    </CustomBuild>
    <CustomBuild Include="guipanel.h">
      <Filter>Header Files</Filter>
    </CustomBuild>
    <ClInclude Include="iniData.h">
      <Filter>Header Files</Filter>
    </ClInclude>
    <ClInclude Include="ioMB.h">
      <Filter>Header Files</Filter>
    </ClInclude>
    <ClInclude Include="ioMD3.h">
      <Filter>Header Files</Filter>
    </ClInclude>
    <ClInclude Include="ioOBJ.h">
      <Filter>Header Files</Filter>
    </ClInclude>
    <ClInclude Include="ioSMD.h">
      <Filter>Header Files</Filter>
    </ClInclude>
    <CustomBuild Include="mainwindow.h">
      <Filter>Header Files</Filter>
    </CustomBuild>
    <CustomBuild Include="myselectionmodel.h">
      <Filter>Header Files</Filter>
    </CustomBuild>
    <ClInclude Include="saveLoad.h">
      <Filter>Header Files</Filter>
    </ClInclude>
    <CustomBuild Include="selector.h">
      <Filter>Header Files</Filter>
    </CustomBuild>
    <CustomBuild Include="tablemodel.h">
      <Filter>Header Files</Filter>
    </CustomBuild>
    <ClInclude Include="vcgExport.h">
      <Filter>Header Files</Filter>
    </ClInclude>
    <ClInclude Include="vcgImport.h">
      <Filter>Header Files</Filter>
    </ClInclude>
    <ClInclude Include="vcgmesh.h">
      <Filter>Header Files</Filter>
    </ClInclude>
  </ItemGroup>
  <ItemGroup>
    <ClCompile Include="tmp\moc_askBoneDialog.cpp">
      <Filter>Generated Files</Filter>
    </ClCompile>
    <ClCompile Include="tmp\moc_askColorDialog.cpp">
      <Filter>Generated Files</Filter>
    </ClCompile>
    <ClCompile Include="tmp\moc_askCreaseDialog.cpp">
      <Filter>Generated Files</Filter>
    </ClCompile>
    <ClCompile Include="tmp\moc_askFlagsDialog.cpp">
      <Filter>Generated Files</Filter>
    </ClCompile>
    <ClCompile Include="tmp\moc_askHueSatBriDialog.cpp">
      <Filter>Generated Files</Filter>
    </ClCompile>
    <ClCompile Include="tmp\moc_askIntervalDialog.cpp">
      <Filter>Generated Files</Filter>
    </ClCompile>
    <ClCompile Include="tmp\moc_askLodOptionsDialog.cpp">
      <Filter>Generated Files</Filter>
    </ClCompile>
    <ClCompile Include="tmp\moc_askModErrorDialog.cpp">
      <Filter>Generated Files</Filter>
    </ClCompile>
    <ClCompile Include="tmp\moc_askNewUiPictureDialog.cpp">
      <Filter>Generated Files</Filter>
    </ClCompile>
    <ClCompile Include="tmp\moc_askSelectBrfDialog.cpp">
      <Filter>Generated Files</Filter>
    </ClCompile>
    <ClCompile Include="tmp\moc_askSkelDialog.cpp">
      <Filter>Generated Files</Filter>
    </ClCompile>
    <ClCompile Include="tmp\moc_askSkelPairDialog.cpp">
      <Filter>Generated Files</Filter>
    </ClCompile>
    <ClCompile Include="tmp\moc_askTexturenameDialog.cpp">
      <Filter>Generated Files</Filter>
    </ClCompile>
    <ClCompile Include="tmp\moc_askTransformDialog.cpp">
      <Filter>Generated Files</Filter>
    </ClCompile>
    <ClCompile Include="tmp\moc_askUnrefTextureDialog.cpp">
      <Filter>Generated Files</Filter>
    </ClCompile>
    <ClCompile Include="tmp\moc_askUvTransformDialog.cpp">
      <Filter>Generated Files</Filter>
    </ClCompile>
    <ClCompile Include="tmp\moc_glwidgets.cpp">
      <Filter>Generated Files</Filter>
    </ClCompile>
    <ClCompile Include="tmp\moc_guipanel.cpp">
      <Filter>Generated Files</Filter>
    </ClCompile>
    <ClCompile Include="tmp\moc_mainwindow.cpp">
      <Filter>Generated Files</Filter>
    </ClCompile>
    <ClCompile Include="tmp\moc_myselectionmodel.cpp">
      <Filter>Generated Files</Filter>
    </ClCompile>
    <ClCompile Include="tmp\moc_selector.cpp">
      <Filter>Generated Files</Filter>
    </ClCompile>
    <ClCompile Include="tmp\moc_tablemodel.cpp">
      <Filter>Generated Files</Filter>
    </ClCompile>
    <ClCompile Include="debug\qrc_resource.cpp">
      <Filter>Generated Files</Filter>
    </ClCompile>
    <ClCompile Include="release\qrc_resource.cpp">
      <Filter>Generated Files</Filter>
    </ClCompile>
    <ClInclude Include="tmp\ui_askBoneDialog.h">
      <Filter>Generated Files</Filter>
    </ClInclude>
    <ClInclude Include="tmp\ui_askCreaseDialog.h">
      <Filter>Generated Files</Filter>
    </ClInclude>
    <ClInclude Include="tmp\ui_askFlagsDialog.h">
      <Filter>Generated Files</Filter>
    </ClInclude>
    <ClInclude Include="tmp\ui_askHueSatBriDialog.h">
      <Filter>Generated Files</Filter>
    </ClInclude>
    <ClInclude Include="tmp\ui_askIntervalDialog.h">
      <Filter>Generated Files</Filter>
    </ClInclude>
    <ClInclude Include="tmp\ui_askLodOptionsDialog.h">
      <Filter>Generated Files</Filter>
    </ClInclude>
    <ClInclude Include="tmp\ui_askModErrorDialog.h">
      <Filter>Generated Files</Filter>
    </ClInclude>
    <ClInclude Include="tmp\ui_askNewUiPictureDialog.h">
      <Filter>Generated Files</Filter>
    </ClInclude>
    <ClInclude Include="tmp\ui_askSelectBrfDialog.h">
      <Filter>Generated Files</Filter>
    </ClInclude>
    <ClInclude Include="tmp\ui_askSkelDialog.h">
      <Filter>Generated Files</Filter>
    </ClInclude>
    <ClInclude Include="tmp\ui_askSkelPairDialog.h">
      <Filter>Generated Files</Filter>
    </ClInclude>
    <ClInclude Include="tmp\ui_askTexturenameDialog.h">
      <Filter>Generated Files</Filter>
    </ClInclude>
    <ClInclude Include="tmp\ui_askTransformDialog.h">
      <Filter>Generated Files</Filter>
    </ClInclude>
    <ClInclude Include="tmp\ui_askUnrefTextureDialog.h">
      <Filter>Generated Files</Filter>
    </ClInclude>
    <ClInclude Include="tmp\ui_askUvTransformDialog.h">
      <Filter>Generated Files</Filter>
    </ClInclude>
    <ClInclude Include="tmp\ui_guipanel.h">
      <Filter>Generated Files</Filter>
    </ClInclude>
    <ClInclude Include="tmp\ui_mainwindow.h">
      <Filter>Generated Files</Filter>
    </ClInclude>
  </ItemGroup>
  <ItemGroup>
    <None Include="translations\openbrf_de.ts">
      <Filter>Translation Files</Filter>
    </None>
    <None Include="translations\openbrf_en.ts">
      <Filter>Translation Files</Filter>
    </None>
    <None Include="translations\openbrf_es.ts">
      <Filter>Translation Files</Filter>
    </None>
    <None Include="translations\openbrf_zh.ts">
      <Filter>Translation Files</Filter>
    </None>
  </ItemGroup>
  <ItemGroup>
    <CustomBuild Include="askBoneDialog.ui">
      <Filter>Form Files</Filter>
    </CustomBuild>
    <CustomBuild Include="askCreaseDialog.ui">
      <Filter>Form Files</Filter>
    </CustomBuild>
    <CustomBuild Include="askFlagsDialog.ui">
      <Filter>Form Files</Filter>
    </CustomBuild>
    <CustomBuild Include="askHueSatBriDialog.ui">
      <Filter>Form Files</Filter>
    </CustomBuild>
    <CustomBuild Include="askIntervalDialog.ui">
      <Filter>Form Files</Filter>
    </CustomBuild>
    <CustomBuild Include="askLodOptionsDialog.ui">
      <Filter>Form Files</Filter>
    </CustomBuild>
    <CustomBuild Include="askModErrorDialog.ui">
      <Filter>Form Files</Filter>
    </CustomBuild>
    <CustomBuild Include="askNewUiPictureDialog.ui">
      <Filter>Form Files</Filter>
    </CustomBuild>
    <CustomBuild Include="askSelectBrfDialog.ui">
      <Filter>Form Files</Filter>
    </CustomBuild>
    <CustomBuild Include="askSkelDialog.ui">
      <Filter>Form Files</Filter>
    </CustomBuild>
    <CustomBuild Include="askSkelPairDialog.ui">
      <Filter>Form Files</Filter>
    </CustomBuild>
    <CustomBuild Include="askTexturenameDialog.ui">
      <Filter>Form Files</Filter>
    </CustomBuild>
    <CustomBuild Include="askTransformDialog.ui">
      <Filter>Form Files</Filter>
    </CustomBuild>
    <CustomBuild Include="askUnrefTextureDialog.ui">
      <Filter>Form Files</Filter>
    </CustomBuild>
    <CustomBuild Include="askUvTransformDialog.ui">
      <Filter>Form Files</Filter>
    </CustomBuild>
    <CustomBuild Include="guipanel.ui">
      <Filter>Form Files</Filter>
    </CustomBuild>
    <CustomBuild Include="mainwindow.ui">
      <Filter>Form Files</Filter>
    </CustomBuild>
  </ItemGroup>
  <ItemGroup>
    <None Include="shaders\bump_fragment.cpp">
      <Filter>Resource Files</Filter>
    </None>
    <None Include="shaders\bump_vertex.cpp">
      <Filter>Resource Files</Filter>
    </None>
    <None Include="carry_positions.txt">
      <Filter>Resource Files</Filter>
    </None>
    <None Include="femininizer.morpher">
      <Filter>Resource Files</Filter>
    </None>
    <None Include="icons\ico_left.png">
      <Filter>Resource Files</Filter>
    </None>
    <None Include="icons\ico_mid.png">
      <Filter>Resource Files</Filter>
    </None>
    <None Include="icons\ico_right.png">
      <Filter>Resource Files</Filter>
    </None>
    <None Include="shaders\iron_fragment.cpp">
      <Filter>Resource Files</Filter>
    </None>
    <None Include="openBrf.ico">
      <Filter>Resource Files</Filter>
    </None>
    <None Include="translations\openbrf_de.qm">
      <Filter>Resource Files</Filter>
    </None>
    <None Include="translations\openbrf_es.qm">
      <Filter>Resource Files</Filter>
    </None>
    <None Include="translations\openbrf_zh.qm">
      <Filter>Resource Files</Filter>
    </None>
    <None Include="translations\qt_es.qm">
      <Filter>Resource Files</Filter>
    </None>
    <None Include="translations\qt_zh_CN.qm">
      <Filter>Resource Files</Filter>
    </None>
    <CustomBuild Include="resource.qrc">
      <Filter>Resource Files</Filter>
    </CustomBuild>
  </ItemGroup>
  <ItemGroup>
    <ResourceCompile Include="openBrf.rc" />
  </ItemGroup>
  <ItemGroup>
    <ClInclude Include="dllImportForCSharp.h">
      <Filter>Header Files</Filter>
    </ClInclude>
  </ItemGroup>
</Project>